// !$*UTF8*$!
{
	archiveVersion = 1;
	classes = {
	};
	objectVersion = 46;
	objects = {

/* Begin PBXBuildFile section */
		B75577291E997AC300FCB42A /* EnergyDataModel.swift in Sources */ = {isa = PBXBuildFile; fileRef = B75577281E997AC300FCB42A /* EnergyDataModel.swift */; };
		B77A15461E9EB15400F0B7EE /* Charts.framework in Frameworks */ = {isa = PBXBuildFile; fileRef = B77A15431E9EB14400F0B7EE /* Charts.framework */; };
		B77A15471E9EB15400F0B7EE /* Charts.framework in Embed Frameworks */ = {isa = PBXBuildFile; fileRef = B77A15431E9EB14400F0B7EE /* Charts.framework */; settings = {ATTRIBUTES = (CodeSignOnCopy, RemoveHeadersOnCopy, ); }; };
		B7C268131E83705500741873 /* AppDelegate.swift in Sources */ = {isa = PBXBuildFile; fileRef = B7C268121E83705500741873 /* AppDelegate.swift */; };
		B7C268151E83705500741873 /* GraphViewController.swift in Sources */ = {isa = PBXBuildFile; fileRef = B7C268141E83705500741873 /* GraphViewController.swift */; };
		B7C268171E83705500741873 /* SettingsViewController.swift in Sources */ = {isa = PBXBuildFile; fileRef = B7C268161E83705500741873 /* SettingsViewController.swift */; };
		B7C2681A1E83705500741873 /* Main.storyboard in Resources */ = {isa = PBXBuildFile; fileRef = B7C268181E83705500741873 /* Main.storyboard */; };
		B7C2681C1E83705500741873 /* Assets.xcassets in Resources */ = {isa = PBXBuildFile; fileRef = B7C2681B1E83705500741873 /* Assets.xcassets */; };
		B7C2681F1E83705500741873 /* LaunchScreen.storyboard in Resources */ = {isa = PBXBuildFile; fileRef = B7C2681D1E83705500741873 /* LaunchScreen.storyboard */; };
		B7DABC791E92DD6300D7387C /* AccountViewController.swift in Sources */ = {isa = PBXBuildFile; fileRef = B7DABC781E92DD6300D7387C /* AccountViewController.swift */; };
/* End PBXBuildFile section */

/* Begin PBXContainerItemProxy section */
		B77A15421E9EB14400F0B7EE /* PBXContainerItemProxy */ = {
			isa = PBXContainerItemProxy;
			containerPortal = B77A153D1E9EB14200F0B7EE /* Charts.xcodeproj */;
			proxyType = 2;
			remoteGlobalIDString = 06165F241D8110E600722320;
			remoteInfo = Charts;
		};
		B77A15441E9EB14400F0B7EE /* PBXContainerItemProxy */ = {
			isa = PBXContainerItemProxy;
			containerPortal = B77A153D1E9EB14200F0B7EE /* Charts.xcodeproj */;
			proxyType = 2;
			remoteGlobalIDString = 06165F2E1D8110E600722320;
			remoteInfo = ChartsTests;
		};
		B77A15481E9EB15400F0B7EE /* PBXContainerItemProxy */ = {
			isa = PBXContainerItemProxy;
			containerPortal = B77A153D1E9EB14200F0B7EE /* Charts.xcodeproj */;
			proxyType = 1;
			remoteGlobalIDString = 06165F231D8110E600722320;
			remoteInfo = Charts;
		};
/* End PBXContainerItemProxy section */

/* Begin PBXCopyFilesBuildPhase section */
		B77A154A1E9EB15400F0B7EE /* Embed Frameworks */ = {
			isa = PBXCopyFilesBuildPhase;
			buildActionMask = 2147483647;
			dstPath = "";
			dstSubfolderSpec = 10;
			files = (
				B77A15471E9EB15400F0B7EE /* Charts.framework in Embed Frameworks */,
			);
			name = "Embed Frameworks";
			runOnlyForDeploymentPostprocessing = 0;
		};
/* End PBXCopyFilesBuildPhase section */

/* Begin PBXFileReference section */
		B75577281E997AC300FCB42A /* EnergyDataModel.swift */ = {isa = PBXFileReference; fileEncoding = 4; lastKnownFileType = sourcecode.swift; path = EnergyDataModel.swift; sourceTree = "<group>"; };
		B77A153D1E9EB14200F0B7EE /* Charts.xcodeproj */ = {isa = PBXFileReference; lastKnownFileType = "wrapper.pb-project"; name = Charts.xcodeproj; path = "Charts-master/Charts.xcodeproj"; sourceTree = "<group>"; };
		B7C2680F1E83705500741873 /* CWRUSmartEnergyMeter.app */ = {isa = PBXFileReference; explicitFileType = wrapper.application; includeInIndex = 0; path = CWRUSmartEnergyMeter.app; sourceTree = BUILT_PRODUCTS_DIR; };
		B7C268121E83705500741873 /* AppDelegate.swift */ = {isa = PBXFileReference; lastKnownFileType = sourcecode.swift; path = AppDelegate.swift; sourceTree = "<group>"; };
		B7C268141E83705500741873 /* GraphViewController.swift */ = {isa = PBXFileReference; lastKnownFileType = sourcecode.swift; path = GraphViewController.swift; sourceTree = "<group>"; };
		B7C268161E83705500741873 /* SettingsViewController.swift */ = {isa = PBXFileReference; lastKnownFileType = sourcecode.swift; path = SettingsViewController.swift; sourceTree = "<group>"; };
		B7C268191E83705500741873 /* Base */ = {isa = PBXFileReference; lastKnownFileType = file.storyboard; name = Base; path = Base.lproj/Main.storyboard; sourceTree = "<group>"; };
		B7C2681B1E83705500741873 /* Assets.xcassets */ = {isa = PBXFileReference; lastKnownFileType = folder.assetcatalog; path = Assets.xcassets; sourceTree = "<group>"; };
		B7C2681E1E83705500741873 /* Base */ = {isa = PBXFileReference; lastKnownFileType = file.storyboard; name = Base; path = Base.lproj/LaunchScreen.storyboard; sourceTree = "<group>"; };
		B7C268201E83705500741873 /* Info.plist */ = {isa = PBXFileReference; lastKnownFileType = text.plist.xml; path = Info.plist; sourceTree = "<group>"; };
		B7DABC781E92DD6300D7387C /* AccountViewController.swift */ = {isa = PBXFileReference; fileEncoding = 4; lastKnownFileType = sourcecode.swift; path = AccountViewController.swift; sourceTree = "<group>"; };
/* End PBXFileReference section */

/* Begin PBXFrameworksBuildPhase section */
		B7C2680C1E83705500741873 /* Frameworks */ = {
			isa = PBXFrameworksBuildPhase;
			buildActionMask = 2147483647;
			files = (
				B77A15461E9EB15400F0B7EE /* Charts.framework in Frameworks */,
			);
			runOnlyForDeploymentPostprocessing = 0;
		};
/* End PBXFrameworksBuildPhase section */

/* Begin PBXGroup section */
		B77A153E1E9EB14200F0B7EE /* Products */ = {
			isa = PBXGroup;
			children = (
				B77A15431E9EB14400F0B7EE /* Charts.framework */,
				B77A15451E9EB14400F0B7EE /* ChartsTests.xctest */,
			);
			name = Products;
			sourceTree = "<group>";
		};
		B7C268061E83705500741873 = {
			isa = PBXGroup;
			children = (
				B7C268111E83705500741873 /* CWRUSmartEnergyMeter */,
				B7C268101E83705500741873 /* Products */,
				B77A153D1E9EB14200F0B7EE /* Charts.xcodeproj */,
			);
			sourceTree = "<group>";
		};
		B7C268101E83705500741873 /* Products */ = {
			isa = PBXGroup;
			children = (
				B7C2680F1E83705500741873 /* CWRUSmartEnergyMeter.app */,
			);
			name = Products;
			sourceTree = "<group>";
		};
		B7C268111E83705500741873 /* CWRUSmartEnergyMeter */ = {
			isa = PBXGroup;
			children = (
				B7C268121E83705500741873 /* AppDelegate.swift */,
				B7C268141E83705500741873 /* GraphViewController.swift */,
				B7C268161E83705500741873 /* SettingsViewController.swift */,
				B7C268181E83705500741873 /* Main.storyboard */,
				B7DABC781E92DD6300D7387C /* AccountViewController.swift */,
				B7C2681B1E83705500741873 /* Assets.xcassets */,
				B7C2681D1E83705500741873 /* LaunchScreen.storyboard */,
				B7C268201E83705500741873 /* Info.plist */,
				B75577281E997AC300FCB42A /* EnergyDataModel.swift */,
			);
			path = CWRUSmartEnergyMeter;
			sourceTree = "<group>";
		};
/* End PBXGroup section */

/* Begin PBXNativeTarget section */
		B7C2680E1E83705500741873 /* CWRUSmartEnergyMeter */ = {
			isa = PBXNativeTarget;
			buildConfigurationList = B7C268231E83705500741873 /* Build configuration list for PBXNativeTarget "CWRUSmartEnergyMeter" */;
			buildPhases = (
				B7C2680B1E83705500741873 /* Sources */,
				B7C2680C1E83705500741873 /* Frameworks */,
				B7C2680D1E83705500741873 /* Resources */,
				B77A154A1E9EB15400F0B7EE /* Embed Frameworks */,
			);
			buildRules = (
			);
			dependencies = (
				B77A15491E9EB15400F0B7EE /* PBXTargetDependency */,
			);
			name = CWRUSmartEnergyMeter;
			productName = CWRUSmartEnergyMeter;
			productReference = B7C2680F1E83705500741873 /* CWRUSmartEnergyMeter.app */;
			productType = "com.apple.product-type.application";
		};
/* End PBXNativeTarget section */

/* Begin PBXProject section */
		B7C268071E83705500741873 /* Project object */ = {
			isa = PBXProject;
			attributes = {
				LastSwiftUpdateCheck = 0820;
				LastUpgradeCheck = 0820;
				ORGANIZATIONNAME = "Leah Karasek";
				TargetAttributes = {
					B7C2680E1E83705500741873 = {
						CreatedOnToolsVersion = 8.2.1;
						DevelopmentTeam = 2SMTQULXJ4;
						LastSwiftMigration = 0820;
						ProvisioningStyle = Automatic;
					};
				};
			};
			buildConfigurationList = B7C2680A1E83705500741873 /* Build configuration list for PBXProject "CWRUSmartEnergyMeter" */;
			compatibilityVersion = "Xcode 3.2";
			developmentRegion = English;
			hasScannedForEncodings = 0;
			knownRegions = (
				en,
				Base,
			);
			mainGroup = B7C268061E83705500741873;
			productRefGroup = B7C268101E83705500741873 /* Products */;
			projectDirPath = "";
			projectReferences = (
				{
					ProductGroup = B77A153E1E9EB14200F0B7EE /* Products */;
					ProjectRef = B77A153D1E9EB14200F0B7EE /* Charts.xcodeproj */;
				},
			);
			projectRoot = "";
			targets = (
				B7C2680E1E83705500741873 /* CWRUSmartEnergyMeter */,
			);
		};
/* End PBXProject section */

/* Begin PBXReferenceProxy section */
		B77A15431E9EB14400F0B7EE /* Charts.framework */ = {
			isa = PBXReferenceProxy;
			fileType = wrapper.framework;
			path = Charts.framework;
			remoteRef = B77A15421E9EB14400F0B7EE /* PBXContainerItemProxy */;
			sourceTree = BUILT_PRODUCTS_DIR;
		};
		B77A15451E9EB14400F0B7EE /* ChartsTests.xctest */ = {
			isa = PBXReferenceProxy;
			fileType = wrapper.cfbundle;
			path = ChartsTests.xctest;
			remoteRef = B77A15441E9EB14400F0B7EE /* PBXContainerItemProxy */;
			sourceTree = BUILT_PRODUCTS_DIR;
		};
/* End PBXReferenceProxy section */

/* Begin PBXResourcesBuildPhase section */
		B7C2680D1E83705500741873 /* Resources */ = {
			isa = PBXResourcesBuildPhase;
			buildActionMask = 2147483647;
			files = (
				B7C2681F1E83705500741873 /* LaunchScreen.storyboard in Resources */,
				B7C2681C1E83705500741873 /* Assets.xcassets in Resources */,
				B7C2681A1E83705500741873 /* Main.storyboard in Resources */,
			);
			runOnlyForDeploymentPostprocessing = 0;
		};
/* End PBXResourcesBuildPhase section */

/* Begin PBXSourcesBuildPhase section */
		B7C2680B1E83705500741873 /* Sources */ = {
			isa = PBXSourcesBuildPhase;
			buildActionMask = 2147483647;
			files = (
				B75577291E997AC300FCB42A /* EnergyDataModel.swift in Sources */,
				B7C268171E83705500741873 /* SettingsViewController.swift in Sources */,
				B7C268131E83705500741873 /* AppDelegate.swift in Sources */,
				B7DABC791E92DD6300D7387C /* AccountViewController.swift in Sources */,
				B7C268151E83705500741873 /* GraphViewController.swift in Sources */,
			);
			runOnlyForDeploymentPostprocessing = 0;
		};
/* End PBXSourcesBuildPhase section */

/* Begin PBXTargetDependency section */
		B77A15491E9EB15400F0B7EE /* PBXTargetDependency */ = {
			isa = PBXTargetDependency;
			name = Charts;
			targetProxy = B77A15481E9EB15400F0B7EE /* PBXContainerItemProxy */;
		};
/* End PBXTargetDependency section */

/* Begin PBXVariantGroup section */
		B7C268181E83705500741873 /* Main.storyboard */ = {
			isa = PBXVariantGroup;
			children = (
				B7C268191E83705500741873 /* Base */,
			);
			name = Main.storyboard;
			sourceTree = "<group>";
		};
		B7C2681D1E83705500741873 /* LaunchScreen.storyboard */ = {
			isa = PBXVariantGroup;
			children = (
				B7C2681E1E83705500741873 /* Base */,
			);
			name = LaunchScreen.storyboard;
			sourceTree = "<group>";
		};
/* End PBXVariantGroup section */

/* Begin XCBuildConfiguration section */
		B7C268211E83705500741873 /* Debug */ = {
			isa = XCBuildConfiguration;
			buildSettings = {
				ALWAYS_SEARCH_USER_PATHS = NO;
				CLANG_ANALYZER_NONNULL = YES;
				CLANG_CXX_LANGUAGE_STANDARD = "gnu++0x";
				CLANG_CXX_LIBRARY = "libc++";
				CLANG_ENABLE_MODULES = YES;
				CLANG_ENABLE_OBJC_ARC = YES;
				CLANG_WARN_BOOL_CONVERSION = YES;
				CLANG_WARN_CONSTANT_CONVERSION = YES;
				CLANG_WARN_DIRECT_OBJC_ISA_USAGE = YES_ERROR;
				CLANG_WARN_DOCUMENTATION_COMMENTS = YES;
				CLANG_WARN_EMPTY_BODY = YES;
				CLANG_WARN_ENUM_CONVERSION = YES;
				CLANG_WARN_INFINITE_RECURSION = YES;
				CLANG_WARN_INT_CONVERSION = YES;
				CLANG_WARN_OBJC_ROOT_CLASS = YES_ERROR;
				CLANG_WARN_SUSPICIOUS_MOVE = YES;
				CLANG_WARN_UNREACHABLE_CODE = YES;
				CLANG_WARN__DUPLICATE_METHOD_MATCH = YES;
				"CODE_SIGN_IDENTITY[sdk=iphoneos*]" = "iPhone Developer";
				COPY_PHASE_STRIP = NO;
				DEBUG_INFORMATION_FORMAT = dwarf;
				ENABLE_STRICT_OBJC_MSGSEND = YES;
				ENABLE_TESTABILITY = YES;
				GCC_C_LANGUAGE_STANDARD = gnu99;
				GCC_DYNAMIC_NO_PIC = NO;
				GCC_NO_COMMON_BLOCKS = YES;
				GCC_OPTIMIZATION_LEVEL = 0;
				GCC_PREPROCESSOR_DEFINITIONS = (
					"DEBUG=1",
					"$(inherited)",
				);
				GCC_WARN_64_TO_32_BIT_CONVERSION = YES;
				GCC_WARN_ABOUT_RETURN_TYPE = YES_ERROR;
				GCC_WARN_UNDECLARED_SELECTOR = YES;
				GCC_WARN_UNINITIALIZED_AUTOS = YES_AGGRESSIVE;
				GCC_WARN_UNUSED_FUNCTION = YES;
				GCC_WARN_UNUSED_VARIABLE = YES;
				IPHONEOS_DEPLOYMENT_TARGET = 10.2;
				MTL_ENABLE_DEBUG_INFO = YES;
				ONLY_ACTIVE_ARCH = YES;
				SDKROOT = iphoneos;
				SWIFT_ACTIVE_COMPILATION_CONDITIONS = DEBUG;
				SWIFT_OPTIMIZATION_LEVEL = "-Onone";
			};
			name = Debug;
		};
		B7C268221E83705500741873 /* Release */ = {
			isa = XCBuildConfiguration;
			buildSettings = {
				ALWAYS_SEARCH_USER_PATHS = NO;
				CLANG_ANALYZER_NONNULL = YES;
				CLANG_CXX_LANGUAGE_STANDARD = "gnu++0x";
				CLANG_CXX_LIBRARY = "libc++";
				CLANG_ENABLE_MODULES = YES;
				CLANG_ENABLE_OBJC_ARC = YES;
				CLANG_WARN_BOOL_CONVERSION = YES;
				CLANG_WARN_CONSTANT_CONVERSION = YES;
				CLANG_WARN_DIRECT_OBJC_ISA_USAGE = YES_ERROR;
				CLANG_WARN_DOCUMENTATION_COMMENTS = YES;
				CLANG_WARN_EMPTY_BODY = YES;
				CLANG_WARN_ENUM_CONVERSION = YES;
				CLANG_WARN_INFINITE_RECURSION = YES;
				CLANG_WARN_INT_CONVERSION = YES;
				CLANG_WARN_OBJC_ROOT_CLASS = YES_ERROR;
				CLANG_WARN_SUSPICIOUS_MOVE = YES;
				CLANG_WARN_UNREACHABLE_CODE = YES;
				CLANG_WARN__DUPLICATE_METHOD_MATCH = YES;
				"CODE_SIGN_IDENTITY[sdk=iphoneos*]" = "iPhone Developer";
				COPY_PHASE_STRIP = NO;
				DEBUG_INFORMATION_FORMAT = "dwarf-with-dsym";
				ENABLE_NS_ASSERTIONS = NO;
				ENABLE_STRICT_OBJC_MSGSEND = YES;
				GCC_C_LANGUAGE_STANDARD = gnu99;
				GCC_NO_COMMON_BLOCKS = YES;
				GCC_WARN_64_TO_32_BIT_CONVERSION = YES;
				GCC_WARN_ABOUT_RETURN_TYPE = YES_ERROR;
				GCC_WARN_UNDECLARED_SELECTOR = YES;
				GCC_WARN_UNINITIALIZED_AUTOS = YES_AGGRESSIVE;
				GCC_WARN_UNUSED_FUNCTION = YES;
				GCC_WARN_UNUSED_VARIABLE = YES;
				IPHONEOS_DEPLOYMENT_TARGET = 10.2;
				MTL_ENABLE_DEBUG_INFO = NO;
				SDKROOT = iphoneos;
				SWIFT_OPTIMIZATION_LEVEL = "-Owholemodule";
				VALIDATE_PRODUCT = YES;
			};
			name = Release;
		};
		B7C268241E83705500741873 /* Debug */ = {
			isa = XCBuildConfiguration;
			buildSettings = {
				ALWAYS_EMBED_SWIFT_STANDARD_LIBRARIES = YES;
				ASSETCATALOG_COMPILER_APPICON_NAME = AppIcon;
				CLANG_ENABLE_MODULES = YES;
				DEVELOPMENT_TEAM = 2SMTQULXJ4;
				INFOPLIST_FILE = CWRUSmartEnergyMeter/Info.plist;
				LD_RUNPATH_SEARCH_PATHS = "$(inherited) @executable_path/Frameworks";
				PRODUCT_BUNDLE_IDENTIFIER = com.leah.CWRUSmartEnergyMeter;
				PRODUCT_NAME = "$(TARGET_NAME)";
				SWIFT_OPTIMIZATION_LEVEL = "-Onone";
				SWIFT_VERSION = 3.0;
			};
			name = Debug;
		};
		B7C268251E83705500741873 /* Release */ = {
			isa = XCBuildConfiguration;
			buildSettings = {
				ALWAYS_EMBED_SWIFT_STANDARD_LIBRARIES = YES;
				ASSETCATALOG_COMPILER_APPICON_NAME = AppIcon;
				CLANG_ENABLE_MODULES = YES;
				DEVELOPMENT_TEAM = 2SMTQULXJ4;
				INFOPLIST_FILE = CWRUSmartEnergyMeter/Info.plist;
				LD_RUNPATH_SEARCH_PATHS = "$(inherited) @executable_path/Frameworks";
				PRODUCT_BUNDLE_IDENTIFIER = com.leah.CWRUSmartEnergyMeter;
				PRODUCT_NAME = "$(TARGET_NAME)";
				SWIFT_VERSION = 3.0;
			};
			name = Release;
		};
/* End XCBuildConfiguration section */

/* Begin XCConfigurationList section */
		B7C2680A1E83705500741873 /* Build configuration list for PBXProject "CWRUSmartEnergyMeter" */ = {
			isa = XCConfigurationList;
			buildConfigurations = (
				B7C268211E83705500741873 /* Debug */,
				B7C268221E83705500741873 /* Release */,
			);
			defaultConfigurationIsVisible = 0;
			defaultConfigurationName = Release;
		};
		B7C268231E83705500741873 /* Build configuration list for PBXNativeTarget "CWRUSmartEnergyMeter" */ = {
			isa = XCConfigurationList;
			buildConfigurations = (
				B7C268241E83705500741873 /* Debug */,
				B7C268251E83705500741873 /* Release */,
			);
			defaultConfigurationIsVisible = 0;
			defaultConfigurationName = Release;
		};
/* End XCConfigurationList section */
	};
	rootObject = B7C268071E83705500741873 /* Project object */;
}
